// !$*UTF8*$!
{
	archiveVersion = 1;
	classes = {
	};
	objectVersion = 54;
	objects = {

/* Begin PBXBuildFile section */
		00E356F31AD99517003FC87E /* assignmentTests.m in Sources */ = {isa = PBXBuildFile; fileRef = 00E356F21AD99517003FC87E /* assignmentTests.m */; };
		13B07FBC1A68108700A75B9A /* AppDelegate.m in Sources */ = {isa = PBXBuildFile; fileRef = 13B07FB01A68108700A75B9A /* AppDelegate.m */; };
		13B07FBF1A68108700A75B9A /* Images.xcassets in Resources */ = {isa = PBXBuildFile; fileRef = 13B07FB51A68108700A75B9A /* Images.xcassets */; };
		13B07FC11A68108700A75B9A /* main.m in Sources */ = {isa = PBXBuildFile; fileRef = 13B07FB71A68108700A75B9A /* main.m */; };
		81AB9BB82411601600AC10FF /* LaunchScreen.storyboard in Resources */ = {isa = PBXBuildFile; fileRef = 81AB9BB72411601600AC10FF /* LaunchScreen.storyboard */; };
		30DB6BB20BED40399E432405 /* HindGuntur-Bold.ttf in Resources */ = {isa = PBXBuildFile; fileRef = C379CBA065A44EC1B673868A /* HindGuntur-Bold.ttf */; };
		83C75EAF4EC543148B65A649 /* HindGuntur-Light.ttf in Resources */ = {isa = PBXBuildFile; fileRef = 8DAD16FC7F694DB8A471197C /* HindGuntur-Light.ttf */; };
		3D2962422A6E444FB95A3C84 /* HindGuntur-Medium.ttf in Resources */ = {isa = PBXBuildFile; fileRef = FC17DA2D06CD496894D86E0F /* HindGuntur-Medium.ttf */; };
		D291E55DC84F4A8A976607EE /* HindGuntur-Regular.ttf in Resources */ = {isa = PBXBuildFile; fileRef = A7D53228140F4606A896350C /* HindGuntur-Regular.ttf */; };
		91868D4451504BBDA0F4EF56 /* HindGuntur-SemiBold.ttf in Resources */ = {isa = PBXBuildFile; fileRef = 48BB01C45BCA4C4A975F92B6 /* HindGuntur-SemiBold.ttf */; };
		D335D4DC136347CF878CAF6A /* MavenPro-Black.ttf in Resources */ = {isa = PBXBuildFile; fileRef = 3EB5EC15527C4695820AD042 /* MavenPro-Black.ttf */; };
		F74D3196B1144BD9B9A6BC3B /* MavenPro-Bold.ttf in Resources */ = {isa = PBXBuildFile; fileRef = CB6C91DD4A60433D87CCA314 /* MavenPro-Bold.ttf */; };
		445E378B88DB4776927D663F /* MavenPro-ExtraBold.ttf in Resources */ = {isa = PBXBuildFile; fileRef = 1D6131D6D72F4946911A571A /* MavenPro-ExtraBold.ttf */; };
		8770D4A53EED4386B1E41DF8 /* MavenPro-Medium.ttf in Resources */ = {isa = PBXBuildFile; fileRef = CC9C28B733224D49AD6B8E91 /* MavenPro-Medium.ttf */; };
		76AF0135A1CE49A0839570C8 /* MavenPro-Regular.ttf in Resources */ = {isa = PBXBuildFile; fileRef = FD71E163D44945B2A267ACFB /* MavenPro-Regular.ttf */; };
		3CB2D0F3F332438AA3D185C2 /* MavenPro-SemiBold.ttf in Resources */ = {isa = PBXBuildFile; fileRef = 02881112A2204851BFBBC0C6 /* MavenPro-SemiBold.ttf */; };
		F84CA3F55FE24535AF06841B /* MavenPro-VariableFont_wght.ttf in Resources */ = {isa = PBXBuildFile; fileRef = D883D0E6B88B473C9ADE556E /* MavenPro-VariableFont_wght.ttf */; };
		32D6E28CBFDB44FCACD2AF06 /* Roboto-Black.ttf in Resources */ = {isa = PBXBuildFile; fileRef = C6435B8FAE7F49938A3708E7 /* Roboto-Black.ttf */; };
		A100BC96033B4F16B97C4A14 /* Roboto-BlackItalic.ttf in Resources */ = {isa = PBXBuildFile; fileRef = 33D8977A77E44F8885AD1561 /* Roboto-BlackItalic.ttf */; };
		585C5F8170B24A509F2A532A /* Roboto-Bold.ttf in Resources */ = {isa = PBXBuildFile; fileRef = D3BFE171270840EF95260D50 /* Roboto-Bold.ttf */; };
		8EECF529CBC2447AA6814E65 /* Roboto-BoldItalic.ttf in Resources */ = {isa = PBXBuildFile; fileRef = 5CF81CCE37324A2A8A234A80 /* Roboto-BoldItalic.ttf */; };
		66A75E7193544A82A1F93AFD /* Roboto-Italic.ttf in Resources */ = {isa = PBXBuildFile; fileRef = F8EF6E1878DA4E079FD2156A /* Roboto-Italic.ttf */; };
		FB7428A3A17C47AE9711A2A9 /* Roboto-Light.ttf in Resources */ = {isa = PBXBuildFile; fileRef = 9739F9CEED74437686060EEA /* Roboto-Light.ttf */; };
		25F0D548C4064A668641BBB7 /* Roboto-LightItalic.ttf in Resources */ = {isa = PBXBuildFile; fileRef = 7E12F8D0ABF747B3A8877BFE /* Roboto-LightItalic.ttf */; };
		FA939E636F6945088B9E1673 /* Roboto-Medium.ttf in Resources */ = {isa = PBXBuildFile; fileRef = 96B2CDA345F94EE2B2C72EAF /* Roboto-Medium.ttf */; };
		E380FD5C8DDA4243AEE0A7AC /* Roboto-MediumItalic.ttf in Resources */ = {isa = PBXBuildFile; fileRef = B0C4AF2E3B2143708270FA56 /* Roboto-MediumItalic.ttf */; };
		F40B9F27BA4E469698FC70A7 /* Roboto-Regular.ttf in Resources */ = {isa = PBXBuildFile; fileRef = 1C889E17A3FA4E2880233944 /* Roboto-Regular.ttf */; };
		6DBB85F487DE451AA8F8475E /* Roboto-Thin.ttf in Resources */ = {isa = PBXBuildFile; fileRef = 18F52703F2E24FCD8D6F774D /* Roboto-Thin.ttf */; };
		31F86441FD684F7EBD4B4B6E /* Roboto-ThinItalic.ttf in Resources */ = {isa = PBXBuildFile; fileRef = 7CF545D24CCF43269E3234F6 /* Roboto-ThinItalic.ttf */; };
		57E22992509D49C299813899 /* AntDesign.ttf in Resources */ = {isa = PBXBuildFile; fileRef = DC1ADCEE053445A4AD7965BA /* AntDesign.ttf */; };
		2A32E87ABBDC4E4AB7B242D7 /* Entypo.ttf in Resources */ = {isa = PBXBuildFile; fileRef = C933FC277570451DA9D4232F /* Entypo.ttf */; };
		AE47D9E5C7B649E884975FA7 /* EvilIcons.ttf in Resources */ = {isa = PBXBuildFile; fileRef = E7C45AC2B69E47CFA538D52E /* EvilIcons.ttf */; };
		99414DD40C304AFDAAC28541 /* Feather.ttf in Resources */ = {isa = PBXBuildFile; fileRef = B59D6D3B4FF14C2199897E37 /* Feather.ttf */; };
		3A8FF556CEF64406902EDA4F /* FontAwesome.ttf in Resources */ = {isa = PBXBuildFile; fileRef = CAA4F4DE67094FEBB24B2244 /* FontAwesome.ttf */; };
		396BE9D5A6414D42B6B41444 /* FontAwesome5_Brands.ttf in Resources */ = {isa = PBXBuildFile; fileRef = BC48C07B4692401E847A6BB3 /* FontAwesome5_Brands.ttf */; };
		A09F5674FD5E422EA0A410E6 /* FontAwesome5_Regular.ttf in Resources */ = {isa = PBXBuildFile; fileRef = 5CD7FC4E04D64A899704893E /* FontAwesome5_Regular.ttf */; };
		362E8DC50A444C0A90BE3903 /* FontAwesome5_Solid.ttf in Resources */ = {isa = PBXBuildFile; fileRef = 31AB4868BDDB44808C782213 /* FontAwesome5_Solid.ttf */; };
		012D0B25D278459195D8910C /* Fontisto.ttf in Resources */ = {isa = PBXBuildFile; fileRef = CE700C5578A442B5B414C95D /* Fontisto.ttf */; };
		0B42F8F1D80C47B2B8534211 /* Foundation.ttf in Resources */ = {isa = PBXBuildFile; fileRef = 36C64EA7A0E7472E8FEAD944 /* Foundation.ttf */; };
		71E29FAB12634FA8BDCD33E2 /* Ionicons.ttf in Resources */ = {isa = PBXBuildFile; fileRef = F85EA7A4B8B7439EAE96815D /* Ionicons.ttf */; };
		4C3A4B2AF8994869B0643AA3 /* MaterialCommunityIcons.ttf in Resources */ = {isa = PBXBuildFile; fileRef = 7775D4994DB249DDAFCB149F /* MaterialCommunityIcons.ttf */; };
		D6AE0560921D49C9984FE34D /* MaterialIcons.ttf in Resources */ = {isa = PBXBuildFile; fileRef = AE2D806CCA3545BE972AFA88 /* MaterialIcons.ttf */; };
		077BB00CA7A04BF0B48E4E2C /* Octicons.ttf in Resources */ = {isa = PBXBuildFile; fileRef = F63770466A0A4314AB55579C /* Octicons.ttf */; };
		9D1EE1D8A0CE4CBA85E95BBE /* SimpleLineIcons.ttf in Resources */ = {isa = PBXBuildFile; fileRef = E597376064F942A190571352 /* SimpleLineIcons.ttf */; };
		6A7E051011D045289A3271CB /* Zocial.ttf in Resources */ = {isa = PBXBuildFile; fileRef = 68691A27494343478EA36337 /* Zocial.ttf */; };
/* End PBXBuildFile section */

/* Begin PBXContainerItemProxy section */
		00E356F41AD99517003FC87E /* PBXContainerItemProxy */ = {
			isa = PBXContainerItemProxy;
			containerPortal = 83CBB9F71A601CBA00E9B192 /* Project object */;
			proxyType = 1;
			remoteGlobalIDString = 13B07F861A680F5B00A75B9A;
			remoteInfo = assignment;
		};
/* End PBXContainerItemProxy section */

/* Begin PBXFileReference section */
		00E356EE1AD99517003FC87E /* assignmentTests.xctest */ = {isa = PBXFileReference; explicitFileType = wrapper.cfbundle; includeInIndex = 0; path = assignmentTests.xctest; sourceTree = BUILT_PRODUCTS_DIR; };
		00E356F11AD99517003FC87E /* Info.plist */ = {isa = PBXFileReference; lastKnownFileType = text.plist.xml; path = Info.plist; sourceTree = "<group>"; };
		00E356F21AD99517003FC87E /* assignmentTests.m */ = {isa = PBXFileReference; lastKnownFileType = sourcecode.c.objc; path = assignmentTests.m; sourceTree = "<group>"; };
		13B07F961A680F5B00A75B9A /* assignment.app */ = {isa = PBXFileReference; explicitFileType = wrapper.application; includeInIndex = 0; path = assignment.app; sourceTree = BUILT_PRODUCTS_DIR; };
		13B07FAF1A68108700A75B9A /* AppDelegate.h */ = {isa = PBXFileReference; fileEncoding = 4; lastKnownFileType = sourcecode.c.h; name = AppDelegate.h; path = assignment/AppDelegate.h; sourceTree = "<group>"; };
		13B07FB01A68108700A75B9A /* AppDelegate.m */ = {isa = PBXFileReference; fileEncoding = 4; lastKnownFileType = sourcecode.c.objc; name = AppDelegate.m; path = assignment/AppDelegate.m; sourceTree = "<group>"; };
		13B07FB51A68108700A75B9A /* Images.xcassets */ = {isa = PBXFileReference; lastKnownFileType = folder.assetcatalog; name = Images.xcassets; path = assignment/Images.xcassets; sourceTree = "<group>"; };
		13B07FB61A68108700A75B9A /* Info.plist */ = {isa = PBXFileReference; fileEncoding = 4; lastKnownFileType = text.plist.xml; name = Info.plist; path = assignment/Info.plist; sourceTree = "<group>"; };
		13B07FB71A68108700A75B9A /* main.m */ = {isa = PBXFileReference; fileEncoding = 4; lastKnownFileType = sourcecode.c.objc; name = main.m; path = assignment/main.m; sourceTree = "<group>"; };
		81AB9BB72411601600AC10FF /* LaunchScreen.storyboard */ = {isa = PBXFileReference; fileEncoding = 4; lastKnownFileType = file.storyboard; name = LaunchScreen.storyboard; path = assignment/LaunchScreen.storyboard; sourceTree = "<group>"; };
		ED297162215061F000B7C4FE /* JavaScriptCore.framework */ = {isa = PBXFileReference; lastKnownFileType = wrapper.framework; name = JavaScriptCore.framework; path = System/Library/Frameworks/JavaScriptCore.framework; sourceTree = SDKROOT; };
		C379CBA065A44EC1B673868A /* HindGuntur-Bold.ttf */ = {isa = PBXFileReference; name = "HindGuntur-Bold.ttf"; path = "../app/assets/fonts/HindGuntur-Bold.ttf"; sourceTree = "<group>"; fileEncoding = undefined; lastKnownFileType = unknown; explicitFileType = undefined; includeInIndex = 0; };
		8DAD16FC7F694DB8A471197C /* HindGuntur-Light.ttf */ = {isa = PBXFileReference; name = "HindGuntur-Light.ttf"; path = "../app/assets/fonts/HindGuntur-Light.ttf"; sourceTree = "<group>"; fileEncoding = undefined; lastKnownFileType = unknown; explicitFileType = undefined; includeInIndex = 0; };
		FC17DA2D06CD496894D86E0F /* HindGuntur-Medium.ttf */ = {isa = PBXFileReference; name = "HindGuntur-Medium.ttf"; path = "../app/assets/fonts/HindGuntur-Medium.ttf"; sourceTree = "<group>"; fileEncoding = undefined; lastKnownFileType = unknown; explicitFileType = undefined; includeInIndex = 0; };
		A7D53228140F4606A896350C /* HindGuntur-Regular.ttf */ = {isa = PBXFileReference; name = "HindGuntur-Regular.ttf"; path = "../app/assets/fonts/HindGuntur-Regular.ttf"; sourceTree = "<group>"; fileEncoding = undefined; lastKnownFileType = unknown; explicitFileType = undefined; includeInIndex = 0; };
		48BB01C45BCA4C4A975F92B6 /* HindGuntur-SemiBold.ttf */ = {isa = PBXFileReference; name = "HindGuntur-SemiBold.ttf"; path = "../app/assets/fonts/HindGuntur-SemiBold.ttf"; sourceTree = "<group>"; fileEncoding = undefined; lastKnownFileType = unknown; explicitFileType = undefined; includeInIndex = 0; };
		3EB5EC15527C4695820AD042 /* MavenPro-Black.ttf */ = {isa = PBXFileReference; name = "MavenPro-Black.ttf"; path = "../app/assets/fonts/MavenPro-Black.ttf"; sourceTree = "<group>"; fileEncoding = undefined; lastKnownFileType = unknown; explicitFileType = undefined; includeInIndex = 0; };
		CB6C91DD4A60433D87CCA314 /* MavenPro-Bold.ttf */ = {isa = PBXFileReference; name = "MavenPro-Bold.ttf"; path = "../app/assets/fonts/MavenPro-Bold.ttf"; sourceTree = "<group>"; fileEncoding = undefined; lastKnownFileType = unknown; explicitFileType = undefined; includeInIndex = 0; };
		1D6131D6D72F4946911A571A /* MavenPro-ExtraBold.ttf */ = {isa = PBXFileReference; name = "MavenPro-ExtraBold.ttf"; path = "../app/assets/fonts/MavenPro-ExtraBold.ttf"; sourceTree = "<group>"; fileEncoding = undefined; lastKnownFileType = unknown; explicitFileType = undefined; includeInIndex = 0; };
		CC9C28B733224D49AD6B8E91 /* MavenPro-Medium.ttf */ = {isa = PBXFileReference; name = "MavenPro-Medium.ttf"; path = "../app/assets/fonts/MavenPro-Medium.ttf"; sourceTree = "<group>"; fileEncoding = undefined; lastKnownFileType = unknown; explicitFileType = undefined; includeInIndex = 0; };
		FD71E163D44945B2A267ACFB /* MavenPro-Regular.ttf */ = {isa = PBXFileReference; name = "MavenPro-Regular.ttf"; path = "../app/assets/fonts/MavenPro-Regular.ttf"; sourceTree = "<group>"; fileEncoding = undefined; lastKnownFileType = unknown; explicitFileType = undefined; includeInIndex = 0; };
		02881112A2204851BFBBC0C6 /* MavenPro-SemiBold.ttf */ = {isa = PBXFileReference; name = "MavenPro-SemiBold.ttf"; path = "../app/assets/fonts/MavenPro-SemiBold.ttf"; sourceTree = "<group>"; fileEncoding = undefined; lastKnownFileType = unknown; explicitFileType = undefined; includeInIndex = 0; };
		D883D0E6B88B473C9ADE556E /* MavenPro-VariableFont_wght.ttf */ = {isa = PBXFileReference; name = "MavenPro-VariableFont_wght.ttf"; path = "../app/assets/fonts/MavenPro-VariableFont_wght.ttf"; sourceTree = "<group>"; fileEncoding = undefined; lastKnownFileType = unknown; explicitFileType = undefined; includeInIndex = 0; };
		C6435B8FAE7F49938A3708E7 /* Roboto-Black.ttf */ = {isa = PBXFileReference; name = "Roboto-Black.ttf"; path = "../app/assets/fonts/Roboto-Black.ttf"; sourceTree = "<group>"; fileEncoding = undefined; lastKnownFileType = unknown; explicitFileType = undefined; includeInIndex = 0; };
		33D8977A77E44F8885AD1561 /* Roboto-BlackItalic.ttf */ = {isa = PBXFileReference; name = "Roboto-BlackItalic.ttf"; path = "../app/assets/fonts/Roboto-BlackItalic.ttf"; sourceTree = "<group>"; fileEncoding = undefined; lastKnownFileType = unknown; explicitFileType = undefined; includeInIndex = 0; };
		D3BFE171270840EF95260D50 /* Roboto-Bold.ttf */ = {isa = PBXFileReference; name = "Roboto-Bold.ttf"; path = "../app/assets/fonts/Roboto-Bold.ttf"; sourceTree = "<group>"; fileEncoding = undefined; lastKnownFileType = unknown; explicitFileType = undefined; includeInIndex = 0; };
		5CF81CCE37324A2A8A234A80 /* Roboto-BoldItalic.ttf */ = {isa = PBXFileReference; name = "Roboto-BoldItalic.ttf"; path = "../app/assets/fonts/Roboto-BoldItalic.ttf"; sourceTree = "<group>"; fileEncoding = undefined; lastKnownFileType = unknown; explicitFileType = undefined; includeInIndex = 0; };
		F8EF6E1878DA4E079FD2156A /* Roboto-Italic.ttf */ = {isa = PBXFileReference; name = "Roboto-Italic.ttf"; path = "../app/assets/fonts/Roboto-Italic.ttf"; sourceTree = "<group>"; fileEncoding = undefined; lastKnownFileType = unknown; explicitFileType = undefined; includeInIndex = 0; };
		9739F9CEED74437686060EEA /* Roboto-Light.ttf */ = {isa = PBXFileReference; name = "Roboto-Light.ttf"; path = "../app/assets/fonts/Roboto-Light.ttf"; sourceTree = "<group>"; fileEncoding = undefined; lastKnownFileType = unknown; explicitFileType = undefined; includeInIndex = 0; };
		7E12F8D0ABF747B3A8877BFE /* Roboto-LightItalic.ttf */ = {isa = PBXFileReference; name = "Roboto-LightItalic.ttf"; path = "../app/assets/fonts/Roboto-LightItalic.ttf"; sourceTree = "<group>"; fileEncoding = undefined; lastKnownFileType = unknown; explicitFileType = undefined; includeInIndex = 0; };
		96B2CDA345F94EE2B2C72EAF /* Roboto-Medium.ttf */ = {isa = PBXFileReference; name = "Roboto-Medium.ttf"; path = "../app/assets/fonts/Roboto-Medium.ttf"; sourceTree = "<group>"; fileEncoding = undefined; lastKnownFileType = unknown; explicitFileType = undefined; includeInIndex = 0; };
		B0C4AF2E3B2143708270FA56 /* Roboto-MediumItalic.ttf */ = {isa = PBXFileReference; name = "Roboto-MediumItalic.ttf"; path = "../app/assets/fonts/Roboto-MediumItalic.ttf"; sourceTree = "<group>"; fileEncoding = undefined; lastKnownFileType = unknown; explicitFileType = undefined; includeInIndex = 0; };
		1C889E17A3FA4E2880233944 /* Roboto-Regular.ttf */ = {isa = PBXFileReference; name = "Roboto-Regular.ttf"; path = "../app/assets/fonts/Roboto-Regular.ttf"; sourceTree = "<group>"; fileEncoding = undefined; lastKnownFileType = unknown; explicitFileType = undefined; includeInIndex = 0; };
		18F52703F2E24FCD8D6F774D /* Roboto-Thin.ttf */ = {isa = PBXFileReference; name = "Roboto-Thin.ttf"; path = "../app/assets/fonts/Roboto-Thin.ttf"; sourceTree = "<group>"; fileEncoding = undefined; lastKnownFileType = unknown; explicitFileType = undefined; includeInIndex = 0; };
		7CF545D24CCF43269E3234F6 /* Roboto-ThinItalic.ttf */ = {isa = PBXFileReference; name = "Roboto-ThinItalic.ttf"; path = "../app/assets/fonts/Roboto-ThinItalic.ttf"; sourceTree = "<group>"; fileEncoding = undefined; lastKnownFileType = unknown; explicitFileType = undefined; includeInIndex = 0; };
		DC1ADCEE053445A4AD7965BA /* AntDesign.ttf */ = {isa = PBXFileReference; name = "AntDesign.ttf"; path = "../node_modules/react-native-vector-icons/Fonts/AntDesign.ttf"; sourceTree = "<group>"; fileEncoding = undefined; lastKnownFileType = unknown; explicitFileType = undefined; includeInIndex = 0; };
		C933FC277570451DA9D4232F /* Entypo.ttf */ = {isa = PBXFileReference; name = "Entypo.ttf"; path = "../node_modules/react-native-vector-icons/Fonts/Entypo.ttf"; sourceTree = "<group>"; fileEncoding = undefined; lastKnownFileType = unknown; explicitFileType = undefined; includeInIndex = 0; };
		E7C45AC2B69E47CFA538D52E /* EvilIcons.ttf */ = {isa = PBXFileReference; name = "EvilIcons.ttf"; path = "../node_modules/react-native-vector-icons/Fonts/EvilIcons.ttf"; sourceTree = "<group>"; fileEncoding = undefined; lastKnownFileType = unknown; explicitFileType = undefined; includeInIndex = 0; };
		B59D6D3B4FF14C2199897E37 /* Feather.ttf */ = {isa = PBXFileReference; name = "Feather.ttf"; path = "../node_modules/react-native-vector-icons/Fonts/Feather.ttf"; sourceTree = "<group>"; fileEncoding = undefined; lastKnownFileType = unknown; explicitFileType = undefined; includeInIndex = 0; };
		CAA4F4DE67094FEBB24B2244 /* FontAwesome.ttf */ = {isa = PBXFileReference; name = "FontAwesome.ttf"; path = "../node_modules/react-native-vector-icons/Fonts/FontAwesome.ttf"; sourceTree = "<group>"; fileEncoding = undefined; lastKnownFileType = unknown; explicitFileType = undefined; includeInIndex = 0; };
		BC48C07B4692401E847A6BB3 /* FontAwesome5_Brands.ttf */ = {isa = PBXFileReference; name = "FontAwesome5_Brands.ttf"; path = "../node_modules/react-native-vector-icons/Fonts/FontAwesome5_Brands.ttf"; sourceTree = "<group>"; fileEncoding = undefined; lastKnownFileType = unknown; explicitFileType = undefined; includeInIndex = 0; };
		5CD7FC4E04D64A899704893E /* FontAwesome5_Regular.ttf */ = {isa = PBXFileReference; name = "FontAwesome5_Regular.ttf"; path = "../node_modules/react-native-vector-icons/Fonts/FontAwesome5_Regular.ttf"; sourceTree = "<group>"; fileEncoding = undefined; lastKnownFileType = unknown; explicitFileType = undefined; includeInIndex = 0; };
		31AB4868BDDB44808C782213 /* FontAwesome5_Solid.ttf */ = {isa = PBXFileReference; name = "FontAwesome5_Solid.ttf"; path = "../node_modules/react-native-vector-icons/Fonts/FontAwesome5_Solid.ttf"; sourceTree = "<group>"; fileEncoding = undefined; lastKnownFileType = unknown; explicitFileType = undefined; includeInIndex = 0; };
		CE700C5578A442B5B414C95D /* Fontisto.ttf */ = {isa = PBXFileReference; name = "Fontisto.ttf"; path = "../node_modules/react-native-vector-icons/Fonts/Fontisto.ttf"; sourceTree = "<group>"; fileEncoding = undefined; lastKnownFileType = unknown; explicitFileType = undefined; includeInIndex = 0; };
		36C64EA7A0E7472E8FEAD944 /* Foundation.ttf */ = {isa = PBXFileReference; name = "Foundation.ttf"; path = "../node_modules/react-native-vector-icons/Fonts/Foundation.ttf"; sourceTree = "<group>"; fileEncoding = undefined; lastKnownFileType = unknown; explicitFileType = undefined; includeInIndex = 0; };
		F85EA7A4B8B7439EAE96815D /* Ionicons.ttf */ = {isa = PBXFileReference; name = "Ionicons.ttf"; path = "../node_modules/react-native-vector-icons/Fonts/Ionicons.ttf"; sourceTree = "<group>"; fileEncoding = undefined; lastKnownFileType = unknown; explicitFileType = undefined; includeInIndex = 0; };
		7775D4994DB249DDAFCB149F /* MaterialCommunityIcons.ttf */ = {isa = PBXFileReference; name = "MaterialCommunityIcons.ttf"; path = "../node_modules/react-native-vector-icons/Fonts/MaterialCommunityIcons.ttf"; sourceTree = "<group>"; fileEncoding = undefined; lastKnownFileType = unknown; explicitFileType = undefined; includeInIndex = 0; };
		AE2D806CCA3545BE972AFA88 /* MaterialIcons.ttf */ = {isa = PBXFileReference; name = "MaterialIcons.ttf"; path = "../node_modules/react-native-vector-icons/Fonts/MaterialIcons.ttf"; sourceTree = "<group>"; fileEncoding = undefined; lastKnownFileType = unknown; explicitFileType = undefined; includeInIndex = 0; };
		F63770466A0A4314AB55579C /* Octicons.ttf */ = {isa = PBXFileReference; name = "Octicons.ttf"; path = "../node_modules/react-native-vector-icons/Fonts/Octicons.ttf"; sourceTree = "<group>"; fileEncoding = undefined; lastKnownFileType = unknown; explicitFileType = undefined; includeInIndex = 0; };
		E597376064F942A190571352 /* SimpleLineIcons.ttf */ = {isa = PBXFileReference; name = "SimpleLineIcons.ttf"; path = "../node_modules/react-native-vector-icons/Fonts/SimpleLineIcons.ttf"; sourceTree = "<group>"; fileEncoding = undefined; lastKnownFileType = unknown; explicitFileType = undefined; includeInIndex = 0; };
		68691A27494343478EA36337 /* Zocial.ttf */ = {isa = PBXFileReference; name = "Zocial.ttf"; path = "../node_modules/react-native-vector-icons/Fonts/Zocial.ttf"; sourceTree = "<group>"; fileEncoding = undefined; lastKnownFileType = unknown; explicitFileType = undefined; includeInIndex = 0; };
/* End PBXFileReference section */

/* Begin PBXFrameworksBuildPhase section */
		00E356EB1AD99517003FC87E /* Frameworks */ = {
			isa = PBXFrameworksBuildPhase;
			buildActionMask = 2147483647;
			files = (
			);
			runOnlyForDeploymentPostprocessing = 0;
		};
		13B07F8C1A680F5B00A75B9A /* Frameworks */ = {
			isa = PBXFrameworksBuildPhase;
			buildActionMask = 2147483647;
			files = (
			);
			runOnlyForDeploymentPostprocessing = 0;
		};
/* End PBXFrameworksBuildPhase section */

/* Begin PBXGroup section */
		00E356EF1AD99517003FC87E /* assignmentTests */ = {
			isa = PBXGroup;
			children = (
				00E356F21AD99517003FC87E /* assignmentTests.m */,
				00E356F01AD99517003FC87E /* Supporting Files */,
			);
			path = assignmentTests;
			sourceTree = "<group>";
		};
		00E356F01AD99517003FC87E /* Supporting Files */ = {
			isa = PBXGroup;
			children = (
				00E356F11AD99517003FC87E /* Info.plist */,
			);
			name = "Supporting Files";
			sourceTree = "<group>";
		};
		13B07FAE1A68108700A75B9A /* assignment */ = {
			isa = PBXGroup;
			children = (
				13B07FAF1A68108700A75B9A /* AppDelegate.h */,
				13B07FB01A68108700A75B9A /* AppDelegate.m */,
				13B07FB51A68108700A75B9A /* Images.xcassets */,
				13B07FB61A68108700A75B9A /* Info.plist */,
				81AB9BB72411601600AC10FF /* LaunchScreen.storyboard */,
				13B07FB71A68108700A75B9A /* main.m */,
			);
			name = assignment;
			sourceTree = "<group>";
		};
		2D16E6871FA4F8E400B85C8A /* Frameworks */ = {
			isa = PBXGroup;
			children = (
				ED297162215061F000B7C4FE /* JavaScriptCore.framework */,
			);
			name = Frameworks;
			sourceTree = "<group>";
		};
		832341AE1AAA6A7D00B99B32 /* Libraries */ = {
			isa = PBXGroup;
			children = (
			);
			name = Libraries;
			sourceTree = "<group>";
		};
		83CBB9F61A601CBA00E9B192 = {
			isa = PBXGroup;
			children = (
				13B07FAE1A68108700A75B9A /* assignment */,
				832341AE1AAA6A7D00B99B32 /* Libraries */,
				00E356EF1AD99517003FC87E /* assignmentTests */,
				83CBBA001A601CBA00E9B192 /* Products */,
				2D16E6871FA4F8E400B85C8A /* Frameworks */,
				5B8CBACE47E34482B8E56B39 /* Resources */,
			);
			indentWidth = 2;
			sourceTree = "<group>";
			tabWidth = 2;
			usesTabs = 0;
		};
		83CBBA001A601CBA00E9B192 /* Products */ = {
			isa = PBXGroup;
			children = (
				13B07F961A680F5B00A75B9A /* assignment.app */,
				00E356EE1AD99517003FC87E /* assignmentTests.xctest */,
			);
			name = Products;
			sourceTree = "<group>";
		};
		5B8CBACE47E34482B8E56B39 /* Resources */ = {
			isa = "PBXGroup";
			children = (
				C379CBA065A44EC1B673868A /* HindGuntur-Bold.ttf */,
				8DAD16FC7F694DB8A471197C /* HindGuntur-Light.ttf */,
				FC17DA2D06CD496894D86E0F /* HindGuntur-Medium.ttf */,
				A7D53228140F4606A896350C /* HindGuntur-Regular.ttf */,
				48BB01C45BCA4C4A975F92B6 /* HindGuntur-SemiBold.ttf */,
				3EB5EC15527C4695820AD042 /* MavenPro-Black.ttf */,
				CB6C91DD4A60433D87CCA314 /* MavenPro-Bold.ttf */,
				1D6131D6D72F4946911A571A /* MavenPro-ExtraBold.ttf */,
				CC9C28B733224D49AD6B8E91 /* MavenPro-Medium.ttf */,
				FD71E163D44945B2A267ACFB /* MavenPro-Regular.ttf */,
				02881112A2204851BFBBC0C6 /* MavenPro-SemiBold.ttf */,
				D883D0E6B88B473C9ADE556E /* MavenPro-VariableFont_wght.ttf */,
				C6435B8FAE7F49938A3708E7 /* Roboto-Black.ttf */,
				33D8977A77E44F8885AD1561 /* Roboto-BlackItalic.ttf */,
				D3BFE171270840EF95260D50 /* Roboto-Bold.ttf */,
				5CF81CCE37324A2A8A234A80 /* Roboto-BoldItalic.ttf */,
				F8EF6E1878DA4E079FD2156A /* Roboto-Italic.ttf */,
				9739F9CEED74437686060EEA /* Roboto-Light.ttf */,
				7E12F8D0ABF747B3A8877BFE /* Roboto-LightItalic.ttf */,
				96B2CDA345F94EE2B2C72EAF /* Roboto-Medium.ttf */,
				B0C4AF2E3B2143708270FA56 /* Roboto-MediumItalic.ttf */,
				1C889E17A3FA4E2880233944 /* Roboto-Regular.ttf */,
				18F52703F2E24FCD8D6F774D /* Roboto-Thin.ttf */,
				7CF545D24CCF43269E3234F6 /* Roboto-ThinItalic.ttf */,
				DC1ADCEE053445A4AD7965BA /* AntDesign.ttf */,
				C933FC277570451DA9D4232F /* Entypo.ttf */,
				E7C45AC2B69E47CFA538D52E /* EvilIcons.ttf */,
				B59D6D3B4FF14C2199897E37 /* Feather.ttf */,
				CAA4F4DE67094FEBB24B2244 /* FontAwesome.ttf */,
				BC48C07B4692401E847A6BB3 /* FontAwesome5_Brands.ttf */,
				5CD7FC4E04D64A899704893E /* FontAwesome5_Regular.ttf */,
				31AB4868BDDB44808C782213 /* FontAwesome5_Solid.ttf */,
				CE700C5578A442B5B414C95D /* Fontisto.ttf */,
				36C64EA7A0E7472E8FEAD944 /* Foundation.ttf */,
				F85EA7A4B8B7439EAE96815D /* Ionicons.ttf */,
				7775D4994DB249DDAFCB149F /* MaterialCommunityIcons.ttf */,
				AE2D806CCA3545BE972AFA88 /* MaterialIcons.ttf */,
				F63770466A0A4314AB55579C /* Octicons.ttf */,
				E597376064F942A190571352 /* SimpleLineIcons.ttf */,
				68691A27494343478EA36337 /* Zocial.ttf */,
			);
			name = Resources;
			sourceTree = "<group>";
			path = "";
		};
/* End PBXGroup section */

/* Begin PBXNativeTarget section */
		00E356ED1AD99517003FC87E /* assignmentTests */ = {
			isa = PBXNativeTarget;
			buildConfigurationList = 00E357021AD99517003FC87E /* Build configuration list for PBXNativeTarget "assignmentTests" */;
			buildPhases = (
				00E356EA1AD99517003FC87E /* Sources */,
				00E356EB1AD99517003FC87E /* Frameworks */,
				00E356EC1AD99517003FC87E /* Resources */,
			);
			buildRules = (
			);
			dependencies = (
				00E356F51AD99517003FC87E /* PBXTargetDependency */,
			);
			name = assignmentTests;
			productName = assignmentTests;
			productReference = 00E356EE1AD99517003FC87E /* assignmentTests.xctest */;
			productType = "com.apple.product-type.bundle.unit-test";
		};
		13B07F861A680F5B00A75B9A /* assignment */ = {
			isa = PBXNativeTarget;
			buildConfigurationList = 13B07F931A680F5B00A75B9A /* Build configuration list for PBXNativeTarget "assignment" */;
			buildPhases = (
				FD10A7F022414F080027D42C /* Start Packager */,
				13B07F871A680F5B00A75B9A /* Sources */,
				13B07F8C1A680F5B00A75B9A /* Frameworks */,
				13B07F8E1A680F5B00A75B9A /* Resources */,
				00DD1BFF1BD5951E006B06BC /* Bundle React Native code and images */,
			);
			buildRules = (
			);
			dependencies = (
			);
			name = assignment;
			productName = assignment;
			productReference = 13B07F961A680F5B00A75B9A /* assignment.app */;
			productType = "com.apple.product-type.application";
		};
/* End PBXNativeTarget section */

/* Begin PBXProject section */
		83CBB9F71A601CBA00E9B192 /* Project object */ = {
			isa = PBXProject;
			attributes = {
				LastUpgradeCheck = 1210;
				TargetAttributes = {
					00E356ED1AD99517003FC87E = {
						CreatedOnToolsVersion = 6.2;
						TestTargetID = 13B07F861A680F5B00A75B9A;
					};
					13B07F861A680F5B00A75B9A = {
						LastSwiftMigration = 1120;
					};
				};
			};
			buildConfigurationList = 83CBB9FA1A601CBA00E9B192 /* Build configuration list for PBXProject "assignment" */;
			compatibilityVersion = "Xcode 12.0";
			developmentRegion = en;
			hasScannedForEncodings = 0;
			knownRegions = (
				en,
				Base,
			);
			mainGroup = 83CBB9F61A601CBA00E9B192;
			productRefGroup = 83CBBA001A601CBA00E9B192 /* Products */;
			projectDirPath = "";
			projectRoot = "";
			targets = (
				13B07F861A680F5B00A75B9A /* assignment */,
				00E356ED1AD99517003FC87E /* assignmentTests */,
			);
		};
/* End PBXProject section */

/* Begin PBXResourcesBuildPhase section */
		00E356EC1AD99517003FC87E /* Resources */ = {
			isa = PBXResourcesBuildPhase;
			buildActionMask = 2147483647;
			files = (
			);
			runOnlyForDeploymentPostprocessing = 0;
		};
		13B07F8E1A680F5B00A75B9A /* Resources */ = {
			isa = PBXResourcesBuildPhase;
			buildActionMask = 2147483647;
			files = (
				81AB9BB82411601600AC10FF /* LaunchScreen.storyboard in Resources */,
				13B07FBF1A68108700A75B9A /* Images.xcassets in Resources */,
				30DB6BB20BED40399E432405 /* HindGuntur-Bold.ttf in Resources */,
				83C75EAF4EC543148B65A649 /* HindGuntur-Light.ttf in Resources */,
				3D2962422A6E444FB95A3C84 /* HindGuntur-Medium.ttf in Resources */,
				D291E55DC84F4A8A976607EE /* HindGuntur-Regular.ttf in Resources */,
				91868D4451504BBDA0F4EF56 /* HindGuntur-SemiBold.ttf in Resources */,
				D335D4DC136347CF878CAF6A /* MavenPro-Black.ttf in Resources */,
				F74D3196B1144BD9B9A6BC3B /* MavenPro-Bold.ttf in Resources */,
				445E378B88DB4776927D663F /* MavenPro-ExtraBold.ttf in Resources */,
				8770D4A53EED4386B1E41DF8 /* MavenPro-Medium.ttf in Resources */,
				76AF0135A1CE49A0839570C8 /* MavenPro-Regular.ttf in Resources */,
				3CB2D0F3F332438AA3D185C2 /* MavenPro-SemiBold.ttf in Resources */,
				F84CA3F55FE24535AF06841B /* MavenPro-VariableFont_wght.ttf in Resources */,
				32D6E28CBFDB44FCACD2AF06 /* Roboto-Black.ttf in Resources */,
				A100BC96033B4F16B97C4A14 /* Roboto-BlackItalic.ttf in Resources */,
				585C5F8170B24A509F2A532A /* Roboto-Bold.ttf in Resources */,
				8EECF529CBC2447AA6814E65 /* Roboto-BoldItalic.ttf in Resources */,
				66A75E7193544A82A1F93AFD /* Roboto-Italic.ttf in Resources */,
				FB7428A3A17C47AE9711A2A9 /* Roboto-Light.ttf in Resources */,
				25F0D548C4064A668641BBB7 /* Roboto-LightItalic.ttf in Resources */,
				FA939E636F6945088B9E1673 /* Roboto-Medium.ttf in Resources */,
				E380FD5C8DDA4243AEE0A7AC /* Roboto-MediumItalic.ttf in Resources */,
				F40B9F27BA4E469698FC70A7 /* Roboto-Regular.ttf in Resources */,
				6DBB85F487DE451AA8F8475E /* Roboto-Thin.ttf in Resources */,
				31F86441FD684F7EBD4B4B6E /* Roboto-ThinItalic.ttf in Resources */,
				57E22992509D49C299813899 /* AntDesign.ttf in Resources */,
				2A32E87ABBDC4E4AB7B242D7 /* Entypo.ttf in Resources */,
				AE47D9E5C7B649E884975FA7 /* EvilIcons.ttf in Resources */,
				99414DD40C304AFDAAC28541 /* Feather.ttf in Resources */,
				3A8FF556CEF64406902EDA4F /* FontAwesome.ttf in Resources */,
				396BE9D5A6414D42B6B41444 /* FontAwesome5_Brands.ttf in Resources */,
				A09F5674FD5E422EA0A410E6 /* FontAwesome5_Regular.ttf in Resources */,
				362E8DC50A444C0A90BE3903 /* FontAwesome5_Solid.ttf in Resources */,
				012D0B25D278459195D8910C /* Fontisto.ttf in Resources */,
				0B42F8F1D80C47B2B8534211 /* Foundation.ttf in Resources */,
				71E29FAB12634FA8BDCD33E2 /* Ionicons.ttf in Resources */,
				4C3A4B2AF8994869B0643AA3 /* MaterialCommunityIcons.ttf in Resources */,
				D6AE0560921D49C9984FE34D /* MaterialIcons.ttf in Resources */,
				077BB00CA7A04BF0B48E4E2C /* Octicons.ttf in Resources */,
				9D1EE1D8A0CE4CBA85E95BBE /* SimpleLineIcons.ttf in Resources */,
				6A7E051011D045289A3271CB /* Zocial.ttf in Resources */,
			);
			runOnlyForDeploymentPostprocessing = 0;
		};
/* End PBXResourcesBuildPhase section */

/* Begin PBXShellScriptBuildPhase section */
		00DD1BFF1BD5951E006B06BC /* Bundle React Native code and images */ = {
			isa = PBXShellScriptBuildPhase;
			buildActionMask = 2147483647;
			files = (
			);
			inputPaths = (
			);
			name = "Bundle React Native code and images";
			outputPaths = (
			);
			runOnlyForDeploymentPostprocessing = 0;
			shellPath = /bin/sh;
			shellScript = "set -e\n\nexport NODE_BINARY=node\n../node_modules/react-native/scripts/react-native-xcode.sh\n";
		};
		FD10A7F022414F080027D42C /* Start Packager */ = {
			isa = PBXShellScriptBuildPhase;
			buildActionMask = 2147483647;
			files = (
			);
			inputFileListPaths = (
			);
			inputPaths = (
			);
			name = "Start Packager";
			outputFileListPaths = (
			);
			outputPaths = (
			);
			runOnlyForDeploymentPostprocessing = 0;
			shellPath = /bin/sh;
			shellScript = "export RCT_METRO_PORT=\"${RCT_METRO_PORT:=8081}\"\necho \"export RCT_METRO_PORT=${RCT_METRO_PORT}\" > \"${SRCROOT}/../node_modules/react-native/scripts/.packager.env\"\nif [ -z \"${RCT_NO_LAUNCH_PACKAGER+xxx}\" ] ; then\n  if nc -w 5 -z localhost ${RCT_METRO_PORT} ; then\n    if ! curl -s \"http://localhost:${RCT_METRO_PORT}/status\" | grep -q \"packager-status:running\" ; then\n      echo \"Port ${RCT_METRO_PORT} already in use, packager is either not running or not running correctly\"\n      exit 2\n    fi\n  else\n    open \"$SRCROOT/../node_modules/react-native/scripts/launchPackager.command\" || echo \"Can't start packager automatically\"\n  fi\nfi\n";
			showEnvVarsInLog = 0;
		};
/* End PBXShellScriptBuildPhase section */

/* Begin PBXSourcesBuildPhase section */
		00E356EA1AD99517003FC87E /* Sources */ = {
			isa = PBXSourcesBuildPhase;
			buildActionMask = 2147483647;
			files = (
				00E356F31AD99517003FC87E /* assignmentTests.m in Sources */,
			);
			runOnlyForDeploymentPostprocessing = 0;
		};
		13B07F871A680F5B00A75B9A /* Sources */ = {
			isa = PBXSourcesBuildPhase;
			buildActionMask = 2147483647;
			files = (
				13B07FBC1A68108700A75B9A /* AppDelegate.m in Sources */,
				13B07FC11A68108700A75B9A /* main.m in Sources */,
			);
			runOnlyForDeploymentPostprocessing = 0;
		};
/* End PBXSourcesBuildPhase section */

/* Begin PBXTargetDependency section */
		00E356F51AD99517003FC87E /* PBXTargetDependency */ = {
			isa = PBXTargetDependency;
			target = 13B07F861A680F5B00A75B9A /* assignment */;
			targetProxy = 00E356F41AD99517003FC87E /* PBXContainerItemProxy */;
		};
/* End PBXTargetDependency section */

/* Begin XCBuildConfiguration section */
		00E356F61AD99517003FC87E /* Debug */ = {
			isa = XCBuildConfiguration;
			buildSettings = {
				BUNDLE_LOADER = "$(TEST_HOST)";
				GCC_PREPROCESSOR_DEFINITIONS = (
					"DEBUG=1",
					"$(inherited)",
				);
				INFOPLIST_FILE = assignmentTests/Info.plist;
				IPHONEOS_DEPLOYMENT_TARGET = 10.0;
				LD_RUNPATH_SEARCH_PATHS = (
					"$(inherited)",
					"@executable_path/Frameworks",
					"@loader_path/Frameworks",
				);
				OTHER_LDFLAGS = (
					"-ObjC",
					"-lc++",
					"$(inherited)",
				);
				PRODUCT_BUNDLE_IDENTIFIER = "org.reactjs.native.example.$(PRODUCT_NAME:rfc1034identifier)";
				PRODUCT_NAME = "$(TARGET_NAME)";
				TEST_HOST = "$(BUILT_PRODUCTS_DIR)/assignment.app/assignment";
			};
			name = Debug;
		};
		00E356F71AD99517003FC87E /* Release */ = {
			isa = XCBuildConfiguration;
			buildSettings = {
				BUNDLE_LOADER = "$(TEST_HOST)";
				COPY_PHASE_STRIP = NO;
				INFOPLIST_FILE = assignmentTests/Info.plist;
				IPHONEOS_DEPLOYMENT_TARGET = 10.0;
				LD_RUNPATH_SEARCH_PATHS = (
					"$(inherited)",
					"@executable_path/Frameworks",
					"@loader_path/Frameworks",
				);
				OTHER_LDFLAGS = (
					"-ObjC",
					"-lc++",
					"$(inherited)",
				);
				PRODUCT_BUNDLE_IDENTIFIER = "org.reactjs.native.example.$(PRODUCT_NAME:rfc1034identifier)";
				PRODUCT_NAME = "$(TARGET_NAME)";
				TEST_HOST = "$(BUILT_PRODUCTS_DIR)/assignment.app/assignment";
			};
			name = Release;
		};
		13B07F941A680F5B00A75B9A /* Debug */ = {
			isa = XCBuildConfiguration;
			buildSettings = {
				ASSETCATALOG_COMPILER_APPICON_NAME = AppIcon;
				CLANG_ENABLE_MODULES = YES;
				CURRENT_PROJECT_VERSION = 1;
				ENABLE_BITCODE = NO;
				INFOPLIST_FILE = assignment/Info.plist;
				LD_RUNPATH_SEARCH_PATHS = (
					"$(inherited)",
					"@executable_path/Frameworks",
				);
				OTHER_LDFLAGS = (
					"$(inherited)",
					"-ObjC",
					"-lc++",
				);
				PRODUCT_BUNDLE_IDENTIFIER = "org.reactjs.native.example.$(PRODUCT_NAME:rfc1034identifier)";
				PRODUCT_NAME = assignment;
				SWIFT_OPTIMIZATION_LEVEL = "-Onone";
				SWIFT_VERSION = 5.0;
				VERSIONING_SYSTEM = "apple-generic";
			};
			name = Debug;
		};
		13B07F951A680F5B00A75B9A /* Release */ = {
			isa = XCBuildConfiguration;
			buildSettings = {
				ASSETCATALOG_COMPILER_APPICON_NAME = AppIcon;
				CLANG_ENABLE_MODULES = YES;
				CURRENT_PROJECT_VERSION = 1;
				INFOPLIST_FILE = assignment/Info.plist;
				LD_RUNPATH_SEARCH_PATHS = (
					"$(inherited)",
					"@executable_path/Frameworks",
				);
				OTHER_LDFLAGS = (
					"$(inherited)",
					"-ObjC",
					"-lc++",
				);
				PRODUCT_BUNDLE_IDENTIFIER = "org.reactjs.native.example.$(PRODUCT_NAME:rfc1034identifier)";
				PRODUCT_NAME = assignment;
				SWIFT_VERSION = 5.0;
				VERSIONING_SYSTEM = "apple-generic";
			};
			name = Release;
		};
		83CBBA201A601CBA00E9B192 /* Debug */ = {
			isa = XCBuildConfiguration;
			buildSettings = {
				ALWAYS_SEARCH_USER_PATHS = NO;
				CLANG_ANALYZER_LOCALIZABILITY_NONLOCALIZED = YES;
				CLANG_CXX_LANGUAGE_STANDARD = "gnu++0x";
				CLANG_CXX_LIBRARY = "libc++";
				CLANG_ENABLE_MODULES = YES;
				CLANG_ENABLE_OBJC_ARC = YES;
				CLANG_WARN_BLOCK_CAPTURE_AUTORELEASING = YES;
				CLANG_WARN_BOOL_CONVERSION = YES;
				CLANG_WARN_COMMA = YES;
				CLANG_WARN_CONSTANT_CONVERSION = YES;
				CLANG_WARN_DEPRECATED_OBJC_IMPLEMENTATIONS = YES;
				CLANG_WARN_DIRECT_OBJC_ISA_USAGE = YES_ERROR;
				CLANG_WARN_EMPTY_BODY = YES;
				CLANG_WARN_ENUM_CONVERSION = YES;
				CLANG_WARN_INFINITE_RECURSION = YES;
				CLANG_WARN_INT_CONVERSION = YES;
				CLANG_WARN_NON_LITERAL_NULL_CONVERSION = YES;
				CLANG_WARN_OBJC_IMPLICIT_RETAIN_SELF = YES;
				CLANG_WARN_OBJC_LITERAL_CONVERSION = YES;
				CLANG_WARN_OBJC_ROOT_CLASS = YES_ERROR;
				CLANG_WARN_QUOTED_INCLUDE_IN_FRAMEWORK_HEADER = YES;
				CLANG_WARN_RANGE_LOOP_ANALYSIS = YES;
				CLANG_WARN_STRICT_PROTOTYPES = YES;
				CLANG_WARN_SUSPICIOUS_MOVE = YES;
				CLANG_WARN_UNREACHABLE_CODE = YES;
				CLANG_WARN__DUPLICATE_METHOD_MATCH = YES;
				"CODE_SIGN_IDENTITY[sdk=iphoneos*]" = "iPhone Developer";
				COPY_PHASE_STRIP = NO;
				ENABLE_STRICT_OBJC_MSGSEND = YES;
				ENABLE_TESTABILITY = YES;
				GCC_C_LANGUAGE_STANDARD = gnu99;
				GCC_DYNAMIC_NO_PIC = NO;
				GCC_NO_COMMON_BLOCKS = YES;
				GCC_OPTIMIZATION_LEVEL = 0;
				GCC_PREPROCESSOR_DEFINITIONS = (
					"DEBUG=1",
					"$(inherited)",
				);
				GCC_SYMBOLS_PRIVATE_EXTERN = NO;
				GCC_WARN_64_TO_32_BIT_CONVERSION = YES;
				GCC_WARN_ABOUT_RETURN_TYPE = YES_ERROR;
				GCC_WARN_UNDECLARED_SELECTOR = YES;
				GCC_WARN_UNINITIALIZED_AUTOS = YES_AGGRESSIVE;
				GCC_WARN_UNUSED_FUNCTION = YES;
				GCC_WARN_UNUSED_VARIABLE = YES;
				IPHONEOS_DEPLOYMENT_TARGET = 10.0;
				LD_RUNPATH_SEARCH_PATHS = (
					/usr/lib/swift,
					"$(inherited)",
				);
				LIBRARY_SEARCH_PATHS = (
					"\"$(TOOLCHAIN_DIR)/usr/lib/swift/$(PLATFORM_NAME)\"",
					"\"$(TOOLCHAIN_DIR)/usr/lib/swift-5.0/$(PLATFORM_NAME)\"",
					"\"$(inherited)\"",
				);
				MTL_ENABLE_DEBUG_INFO = YES;
				ONLY_ACTIVE_ARCH = YES;
				SDKROOT = iphoneos;
			};
			name = Debug;
		};
		83CBBA211A601CBA00E9B192 /* Release */ = {
			isa = XCBuildConfiguration;
			buildSettings = {
				ALWAYS_SEARCH_USER_PATHS = NO;
				CLANG_ANALYZER_LOCALIZABILITY_NONLOCALIZED = YES;
				CLANG_CXX_LANGUAGE_STANDARD = "gnu++0x";
				CLANG_CXX_LIBRARY = "libc++";
				CLANG_ENABLE_MODULES = YES;
				CLANG_ENABLE_OBJC_ARC = YES;
				CLANG_WARN_BLOCK_CAPTURE_AUTORELEASING = YES;
				CLANG_WARN_BOOL_CONVERSION = YES;
				CLANG_WARN_COMMA = YES;
				CLANG_WARN_CONSTANT_CONVERSION = YES;
				CLANG_WARN_DEPRECATED_OBJC_IMPLEMENTATIONS = YES;
				CLANG_WARN_DIRECT_OBJC_ISA_USAGE = YES_ERROR;
				CLANG_WARN_EMPTY_BODY = YES;
				CLANG_WARN_ENUM_CONVERSION = YES;
				CLANG_WARN_INFINITE_RECURSION = YES;
				CLANG_WARN_INT_CONVERSION = YES;
				CLANG_WARN_NON_LITERAL_NULL_CONVERSION = YES;
				CLANG_WARN_OBJC_IMPLICIT_RETAIN_SELF = YES;
				CLANG_WARN_OBJC_LITERAL_CONVERSION = YES;
				CLANG_WARN_OBJC_ROOT_CLASS = YES_ERROR;
				CLANG_WARN_QUOTED_INCLUDE_IN_FRAMEWORK_HEADER = YES;
				CLANG_WARN_RANGE_LOOP_ANALYSIS = YES;
				CLANG_WARN_STRICT_PROTOTYPES = YES;
				CLANG_WARN_SUSPICIOUS_MOVE = YES;
				CLANG_WARN_UNREACHABLE_CODE = YES;
				CLANG_WARN__DUPLICATE_METHOD_MATCH = YES;
				"CODE_SIGN_IDENTITY[sdk=iphoneos*]" = "iPhone Developer";
				COPY_PHASE_STRIP = YES;
				ENABLE_NS_ASSERTIONS = NO;
				ENABLE_STRICT_OBJC_MSGSEND = YES;
				GCC_C_LANGUAGE_STANDARD = gnu99;
				GCC_NO_COMMON_BLOCKS = YES;
				GCC_WARN_64_TO_32_BIT_CONVERSION = YES;
				GCC_WARN_ABOUT_RETURN_TYPE = YES_ERROR;
				GCC_WARN_UNDECLARED_SELECTOR = YES;
				GCC_WARN_UNINITIALIZED_AUTOS = YES_AGGRESSIVE;
				GCC_WARN_UNUSED_FUNCTION = YES;
				GCC_WARN_UNUSED_VARIABLE = YES;
				IPHONEOS_DEPLOYMENT_TARGET = 10.0;
				LD_RUNPATH_SEARCH_PATHS = (
					/usr/lib/swift,
					"$(inherited)",
				);
				LIBRARY_SEARCH_PATHS = (
					"\"$(TOOLCHAIN_DIR)/usr/lib/swift/$(PLATFORM_NAME)\"",
					"\"$(TOOLCHAIN_DIR)/usr/lib/swift-5.0/$(PLATFORM_NAME)\"",
					"\"$(inherited)\"",
				);
				MTL_ENABLE_DEBUG_INFO = NO;
				SDKROOT = iphoneos;
				VALIDATE_PRODUCT = YES;
			};
			name = Release;
		};
/* End XCBuildConfiguration section */

/* Begin XCConfigurationList section */
		00E357021AD99517003FC87E /* Build configuration list for PBXNativeTarget "assignmentTests" */ = {
			isa = XCConfigurationList;
			buildConfigurations = (
				00E356F61AD99517003FC87E /* Debug */,
				00E356F71AD99517003FC87E /* Release */,
			);
			defaultConfigurationIsVisible = 0;
			defaultConfigurationName = Release;
		};
		13B07F931A680F5B00A75B9A /* Build configuration list for PBXNativeTarget "assignment" */ = {
			isa = XCConfigurationList;
			buildConfigurations = (
				13B07F941A680F5B00A75B9A /* Debug */,
				13B07F951A680F5B00A75B9A /* Release */,
			);
			defaultConfigurationIsVisible = 0;
			defaultConfigurationName = Release;
		};
		83CBB9FA1A601CBA00E9B192 /* Build configuration list for PBXProject "assignment" */ = {
			isa = XCConfigurationList;
			buildConfigurations = (
				83CBBA201A601CBA00E9B192 /* Debug */,
				83CBBA211A601CBA00E9B192 /* Release */,
			);
			defaultConfigurationIsVisible = 0;
			defaultConfigurationName = Release;
		};
/* End XCConfigurationList section */
	};
	rootObject = 83CBB9F71A601CBA00E9B192 /* Project object */;
}
